
Microsoft Visual Studio Solution File, Format Version 11.00
# Visual Studio 2010
Project("{FAE04EC0-301F-11D3-BF4B-00C04F79EFBC}") = "Assembly-CSharp", "Assembly-CSharp.csproj", "{adc9e999-7d93-a9e4-df50-ae34478454ad}"
EndProject
Project("{FAE04EC0-301F-11D3-BF4B-00C04F79EFBC}") = "Assembly-CSharp-Editor", "Assembly-CSharp-Editor.csproj", "{bec44064-24f2-63df-1a0a-a96e294a3321}"
EndProject
Global
	GlobalSection(SolutionConfigurationPlatforms) = preSolution
		Debug|Any CPU = Debug|Any CPU
	EndGlobalSection
	GlobalSection(ProjectConfigurationPlatforms) = postSolution
		{adc9e999-7d93-a9e4-df50-ae34478454ad}.Debug|Any CPU.ActiveCfg = Debug|Any CPU
		{adc9e999-7d93-a9e4-df50-ae34478454ad}.Debug|Any CPU.Build.0 = Debug|Any CPU
		{bec44064-24f2-63df-1a0a-a96e294a3321}.Debug|Any CPU.ActiveCfg = Debug|Any CPU
		{bec44064-24f2-63df-1a0a-a96e294a3321}.Debug|Any CPU.Build.0 = Debug|Any CPU
	EndGlobalSection
	GlobalSection(SolutionProperties) = preSolution
		HideSolutionNode = FALSE
	EndGlobalSection
EndGlobal
